
Microsoft Visual Studio Solution File, Format Version 12.00
# Visual Studio 14
VisualStudioVersion = 14.0.25123.0
MinimumVisualStudioVersion = 10.0.40219.1
Project("{2150E333-8FDC-42A3-9474-1A3956D46DE8}") = "src", "src", "{1D765E45-6176-4855-AA97-3CFDD6724043}"
EndProject
Project("{2150E333-8FDC-42A3-9474-1A3956D46DE8}") = "test", "test", "{BFFED7E8-0A58-46ED-89DE-58D8E350E43D}"
EndProject
Project("{FAE04EC0-301F-11D3-BF4B-00C04F79EFBC}") = "EnjoyCQRS.TestFramework", "src\EnjoyCQRS.TestFramework\EnjoyCQRS.TestFramework.csproj", "{B1060653-D6FB-4AB1-880F-8E773544EDCE}"
EndProject
Project("{FAE04EC0-301F-11D3-BF4B-00C04F79EFBC}") = "EnjoyCQRS.UnitTests", "test\EnjoyCQRS.UnitTests\EnjoyCQRS.UnitTests.csproj", "{F7B0A3B8-579B-4FD3-93DC-E2D43555FEF1}"
EndProject
Project("{2150E333-8FDC-42A3-9474-1A3956D46DE8}") = "0. Solution Items", "0. Solution Items", "{A356E019-EE54-4167-B6CC-B62511C2E0A2}"
	ProjectSection(SolutionItems) = preProject
		appveyor.yml = appveyor.yml
		EnjoyCQRS.nuspec = EnjoyCQRS.nuspec
		EnjoyCQRS.TestFramework.nuspec = EnjoyCQRS.TestFramework.nuspec
		README.md = README.md
	EndProjectSection
EndProject
Project("{FAE04EC0-301F-11D3-BF4B-00C04F79EFBC}") = "EnjoyCQRS", "src\EnjoyCQRS\EnjoyCQRS.csproj", "{7CEDD8F7-210D-44FC-B690-9079AF5A12DF}"
EndProject
Global
	GlobalSection(SolutionConfigurationPlatforms) = preSolution
		Debug|Any CPU = Debug|Any CPU
		Release|Any CPU = Release|Any CPU
	EndGlobalSection
	GlobalSection(ProjectConfigurationPlatforms) = postSolution
		{B1060653-D6FB-4AB1-880F-8E773544EDCE}.Debug|Any CPU.ActiveCfg = Debug|Any CPU
		{B1060653-D6FB-4AB1-880F-8E773544EDCE}.Debug|Any CPU.Build.0 = Debug|Any CPU
		{B1060653-D6FB-4AB1-880F-8E773544EDCE}.Release|Any CPU.ActiveCfg = Release|Any CPU
		{B1060653-D6FB-4AB1-880F-8E773544EDCE}.Release|Any CPU.Build.0 = Release|Any CPU
		{F7B0A3B8-579B-4FD3-93DC-E2D43555FEF1}.Debug|Any CPU.ActiveCfg = Debug|Any CPU
		{F7B0A3B8-579B-4FD3-93DC-E2D43555FEF1}.Debug|Any CPU.Build.0 = Debug|Any CPU
		{F7B0A3B8-579B-4FD3-93DC-E2D43555FEF1}.Release|Any CPU.ActiveCfg = Release|Any CPU
		{F7B0A3B8-579B-4FD3-93DC-E2D43555FEF1}.Release|Any CPU.Build.0 = Release|Any CPU
		{7CEDD8F7-210D-44FC-B690-9079AF5A12DF}.Debug|Any CPU.ActiveCfg = Debug|Any CPU
		{7CEDD8F7-210D-44FC-B690-9079AF5A12DF}.Debug|Any CPU.Build.0 = Debug|Any CPU
		{7CEDD8F7-210D-44FC-B690-9079AF5A12DF}.Release|Any CPU.ActiveCfg = Release|Any CPU
		{7CEDD8F7-210D-44FC-B690-9079AF5A12DF}.Release|Any CPU.Build.0 = Release|Any CPU
	EndGlobalSection
	GlobalSection(SolutionProperties) = preSolution
		HideSolutionNode = FALSE
	EndGlobalSection
	GlobalSection(NestedProjects) = preSolution
		{B1060653-D6FB-4AB1-880F-8E773544EDCE} = {1D765E45-6176-4855-AA97-3CFDD6724043}
		{F7B0A3B8-579B-4FD3-93DC-E2D43555FEF1} = {BFFED7E8-0A58-46ED-89DE-58D8E350E43D}
		{7CEDD8F7-210D-44FC-B690-9079AF5A12DF} = {1D765E45-6176-4855-AA97-3CFDD6724043}
	EndGlobalSection
EndGlobal
