
Microsoft Visual Studio Solution File, Format Version 12.00
# Visual Studio 14
VisualStudioVersion = 14.0.25123.0
MinimumVisualStudioVersion = 10.0.40219.1
Project("{2150E333-8FDC-42A3-9474-1A3956D46DE8}") = "src", "src", "{1D765E45-6176-4855-AA97-3CFDD6724043}"
EndProject
Project("{2150E333-8FDC-42A3-9474-1A3956D46DE8}") = "test", "test", "{BFFED7E8-0A58-46ED-89DE-58D8E350E43D}"
EndProject
Project("{FAE04EC0-301F-11D3-BF4B-00C04F79EFBC}") = "EnjoyCQRS.Events", "src\EnjoyCQRS.Events\EnjoyCQRS.Events.csproj", "{5512AF07-A3BB-4A41-A0B4-28C930C57145}"
EndProject
Project("{FAE04EC0-301F-11D3-BF4B-00C04F79EFBC}") = "EnjoyCQRS.Commands", "src\EnjoyCQRS.Commands\EnjoyCQRS.Commands.csproj", "{D210D6B3-0DAA-4CB1-A65E-D7DF9A42B0A6}"
EndProject
Project("{FAE04EC0-301F-11D3-BF4B-00C04F79EFBC}") = "EnjoyCQRS.EventStore", "src\EnjoyCQRS.EventStore\EnjoyCQRS.EventStore.csproj", "{57850692-5F07-43AF-881A-BEFA95791CD0}"
EndProject
Project("{FAE04EC0-301F-11D3-BF4B-00C04F79EFBC}") = "EnjoyCQRS.TestFramework", "src\EnjoyCQRS.TestFramework\EnjoyCQRS.TestFramework.csproj", "{B1060653-D6FB-4AB1-880F-8E773544EDCE}"
EndProject
Project("{FAE04EC0-301F-11D3-BF4B-00C04F79EFBC}") = "EnjoyCQRS.UnitTests", "test\EnjoyCQRS.UnitTests\EnjoyCQRS.UnitTests.csproj", "{F7B0A3B8-579B-4FD3-93DC-E2D43555FEF1}"
EndProject
Project("{2150E333-8FDC-42A3-9474-1A3956D46DE8}") = "0. Solution Items", "0. Solution Items", "{A356E019-EE54-4167-B6CC-B62511C2E0A2}"
	ProjectSection(SolutionItems) = preProject
		appveyor.yml = appveyor.yml
		EnjoyCQRS.nuspec = EnjoyCQRS.nuspec
		README.md = README.md
	EndProjectSection
EndProject
Project("{FAE04EC0-301F-11D3-BF4B-00C04F79EFBC}") = "EnjoyCQRS.Bus", "src\EnjoyCQRS.Bus\EnjoyCQRS.Bus.csproj", "{2F9A59EE-DD4E-4302-A1F0-7191E6A1130D}"
EndProject
Global
	GlobalSection(SolutionConfigurationPlatforms) = preSolution
		Debug|Any CPU = Debug|Any CPU
		Release|Any CPU = Release|Any CPU
	EndGlobalSection
	GlobalSection(ProjectConfigurationPlatforms) = postSolution
		{5512AF07-A3BB-4A41-A0B4-28C930C57145}.Debug|Any CPU.ActiveCfg = Debug|Any CPU
		{5512AF07-A3BB-4A41-A0B4-28C930C57145}.Debug|Any CPU.Build.0 = Debug|Any CPU
		{5512AF07-A3BB-4A41-A0B4-28C930C57145}.Release|Any CPU.ActiveCfg = Release|Any CPU
		{5512AF07-A3BB-4A41-A0B4-28C930C57145}.Release|Any CPU.Build.0 = Release|Any CPU
		{D210D6B3-0DAA-4CB1-A65E-D7DF9A42B0A6}.Debug|Any CPU.ActiveCfg = Debug|Any CPU
		{D210D6B3-0DAA-4CB1-A65E-D7DF9A42B0A6}.Debug|Any CPU.Build.0 = Debug|Any CPU
		{D210D6B3-0DAA-4CB1-A65E-D7DF9A42B0A6}.Release|Any CPU.ActiveCfg = Release|Any CPU
		{D210D6B3-0DAA-4CB1-A65E-D7DF9A42B0A6}.Release|Any CPU.Build.0 = Release|Any CPU
		{57850692-5F07-43AF-881A-BEFA95791CD0}.Debug|Any CPU.ActiveCfg = Debug|Any CPU
		{57850692-5F07-43AF-881A-BEFA95791CD0}.Debug|Any CPU.Build.0 = Debug|Any CPU
		{57850692-5F07-43AF-881A-BEFA95791CD0}.Release|Any CPU.ActiveCfg = Release|Any CPU
		{57850692-5F07-43AF-881A-BEFA95791CD0}.Release|Any CPU.Build.0 = Release|Any CPU
		{B1060653-D6FB-4AB1-880F-8E773544EDCE}.Debug|Any CPU.ActiveCfg = Debug|Any CPU
		{B1060653-D6FB-4AB1-880F-8E773544EDCE}.Debug|Any CPU.Build.0 = Debug|Any CPU
		{B1060653-D6FB-4AB1-880F-8E773544EDCE}.Release|Any CPU.ActiveCfg = Release|Any CPU
		{B1060653-D6FB-4AB1-880F-8E773544EDCE}.Release|Any CPU.Build.0 = Release|Any CPU
		{F7B0A3B8-579B-4FD3-93DC-E2D43555FEF1}.Debug|Any CPU.ActiveCfg = Debug|Any CPU
		{F7B0A3B8-579B-4FD3-93DC-E2D43555FEF1}.Debug|Any CPU.Build.0 = Debug|Any CPU
		{F7B0A3B8-579B-4FD3-93DC-E2D43555FEF1}.Release|Any CPU.ActiveCfg = Release|Any CPU
		{F7B0A3B8-579B-4FD3-93DC-E2D43555FEF1}.Release|Any CPU.Build.0 = Release|Any CPU
		{2F9A59EE-DD4E-4302-A1F0-7191E6A1130D}.Debug|Any CPU.ActiveCfg = Debug|Any CPU
		{2F9A59EE-DD4E-4302-A1F0-7191E6A1130D}.Debug|Any CPU.Build.0 = Debug|Any CPU
		{2F9A59EE-DD4E-4302-A1F0-7191E6A1130D}.Release|Any CPU.ActiveCfg = Release|Any CPU
		{2F9A59EE-DD4E-4302-A1F0-7191E6A1130D}.Release|Any CPU.Build.0 = Release|Any CPU
	EndGlobalSection
	GlobalSection(SolutionProperties) = preSolution
		HideSolutionNode = FALSE
	EndGlobalSection
	GlobalSection(NestedProjects) = preSolution
		{5512AF07-A3BB-4A41-A0B4-28C930C57145} = {1D765E45-6176-4855-AA97-3CFDD6724043}
		{D210D6B3-0DAA-4CB1-A65E-D7DF9A42B0A6} = {1D765E45-6176-4855-AA97-3CFDD6724043}
		{57850692-5F07-43AF-881A-BEFA95791CD0} = {1D765E45-6176-4855-AA97-3CFDD6724043}
		{B1060653-D6FB-4AB1-880F-8E773544EDCE} = {1D765E45-6176-4855-AA97-3CFDD6724043}
		{F7B0A3B8-579B-4FD3-93DC-E2D43555FEF1} = {BFFED7E8-0A58-46ED-89DE-58D8E350E43D}
		{2F9A59EE-DD4E-4302-A1F0-7191E6A1130D} = {1D765E45-6176-4855-AA97-3CFDD6724043}
	EndGlobalSection
EndGlobal
