
Microsoft Visual Studio Solution File, Format Version 12.00
# Visual Studio 14
VisualStudioVersion = 14.0.24720.0
MinimumVisualStudioVersion = 10.0.40219.1
Project("{2150E333-8FDC-42A3-9474-1A3956D46DE8}") = "src", "src", "{1D765E45-6176-4855-AA97-3CFDD6724043}"
EndProject
Project("{2150E333-8FDC-42A3-9474-1A3956D46DE8}") = "test", "test", "{BFFED7E8-0A58-46ED-89DE-58D8E350E43D}"
EndProject
Project("{FAE04EC0-301F-11D3-BF4B-00C04F79EFBC}") = "MyCQRS.Events", "src\MyCQRS.Events\MyCQRS.Events.csproj", "{5512AF07-A3BB-4A41-A0B4-28C930C57145}"
EndProject
Project("{FAE04EC0-301F-11D3-BF4B-00C04F79EFBC}") = "MyCQRS.Commands", "src\MyCQRS.Commands\MyCQRS.Commands.csproj", "{D210D6B3-0DAA-4CB1-A65E-D7DF9A42B0A6}"
EndProject
Project("{2150E333-8FDC-42A3-9474-1A3956D46DE8}") = "samples", "samples", "{E04171B9-2EC8-4B7B-A5CE-7466A24D1206}"
EndProject
Project("{2150E333-8FDC-42A3-9474-1A3956D46DE8}") = "restaurant", "restaurant", "{E1C05F7E-57A1-4827-9A3C-158AB639964A}"
EndProject
Project("{FAE04EC0-301F-11D3-BF4B-00C04F79EFBC}") = "MyCQRS.Restaurant.Domain", "samples\MyCQRS.Restaurant.Domain\MyCQRS.Restaurant.Domain.csproj", "{F78CF8EE-C3E8-416B-86C1-76402A504202}"
EndProject
Project("{FAE04EC0-301F-11D3-BF4B-00C04F79EFBC}") = "MyCQRS.Restaurant.Commands", "samples\MyCQRS.Restaurant.Commands\MyCQRS.Restaurant.Commands.csproj", "{88AD5CD0-417D-46E8-B832-264D6AB57CF3}"
EndProject
Project("{FAE04EC0-301F-11D3-BF4B-00C04F79EFBC}") = "MyCQRS.Restaurant.Events", "samples\MyCQRS.Restaurant.Events\MyCQRS.Restaurant.Events.csproj", "{CC658FB3-8A5D-41C5-BDBC-B7DA359C827B}"
EndProject
Project("{FAE04EC0-301F-11D3-BF4B-00C04F79EFBC}") = "MyCQRS.Restaurant.Read", "samples\MyCQRS.Restaurant.Read\MyCQRS.Restaurant.Read.csproj", "{C6B96D03-8CBE-4132-BD75-FF1B7E174273}"
EndProject
Project("{FAE04EC0-301F-11D3-BF4B-00C04F79EFBC}") = "MyCQRS.EventStore", "src\MyCQRS.EventStore\MyCQRS.EventStore.csproj", "{57850692-5F07-43AF-881A-BEFA95791CD0}"
EndProject
Project("{FAE04EC0-301F-11D3-BF4B-00C04F79EFBC}") = "MyCQRS.Restaurant.Tests", "samples\MyCQRS.Restaurant.Tests\MyCQRS.Restaurant.Tests.csproj", "{4F80544C-21C9-4F44-9076-5B229881AF64}"
EndProject
Project("{FAE04EC0-301F-11D3-BF4B-00C04F79EFBC}") = "MyCQRS.TestFramework", "src\MyCQRS.TestFramework\MyCQRS.TestFramework.csproj", "{B1060653-D6FB-4AB1-880F-8E773544EDCE}"
EndProject
Project("{FAE04EC0-301F-11D3-BF4B-00C04F79EFBC}") = "MyCQRS.UnitTests", "test\MyCQRS.UnitTests\MyCQRS.UnitTests.csproj", "{F7B0A3B8-579B-4FD3-93DC-E2D43555FEF1}"
EndProject
Project("{FAE04EC0-301F-11D3-BF4B-00C04F79EFBC}") = "MyCQRS.Restaurant.CommandsHandlers", "samples\MyCQRS.Restaurant.CommandsHandlers\MyCQRS.Restaurant.CommandsHandlers.csproj", "{97957F1A-482B-461A-AF61-F4CE05E52C21}"
EndProject
Project("{FAE04EC0-301F-11D3-BF4B-00C04F79EFBC}") = "MyCQRS.Restaurant.EventsHandlers", "samples\MyCQRS.Restaurant.EventsHandlers\MyCQRS.Restaurant.EventsHandlers.csproj", "{732B0326-680B-499F-9BAA-E5FBA9A90F4D}"
EndProject
Global
	GlobalSection(SolutionConfigurationPlatforms) = preSolution
		Debug|Any CPU = Debug|Any CPU
		Release|Any CPU = Release|Any CPU
	EndGlobalSection
	GlobalSection(ProjectConfigurationPlatforms) = postSolution
		{5512AF07-A3BB-4A41-A0B4-28C930C57145}.Debug|Any CPU.ActiveCfg = Debug|Any CPU
		{5512AF07-A3BB-4A41-A0B4-28C930C57145}.Debug|Any CPU.Build.0 = Debug|Any CPU
		{5512AF07-A3BB-4A41-A0B4-28C930C57145}.Release|Any CPU.ActiveCfg = Release|Any CPU
		{5512AF07-A3BB-4A41-A0B4-28C930C57145}.Release|Any CPU.Build.0 = Release|Any CPU
		{D210D6B3-0DAA-4CB1-A65E-D7DF9A42B0A6}.Debug|Any CPU.ActiveCfg = Debug|Any CPU
		{D210D6B3-0DAA-4CB1-A65E-D7DF9A42B0A6}.Debug|Any CPU.Build.0 = Debug|Any CPU
		{D210D6B3-0DAA-4CB1-A65E-D7DF9A42B0A6}.Release|Any CPU.ActiveCfg = Release|Any CPU
		{D210D6B3-0DAA-4CB1-A65E-D7DF9A42B0A6}.Release|Any CPU.Build.0 = Release|Any CPU
		{F78CF8EE-C3E8-416B-86C1-76402A504202}.Debug|Any CPU.ActiveCfg = Debug|Any CPU
		{F78CF8EE-C3E8-416B-86C1-76402A504202}.Debug|Any CPU.Build.0 = Debug|Any CPU
		{F78CF8EE-C3E8-416B-86C1-76402A504202}.Release|Any CPU.ActiveCfg = Release|Any CPU
		{F78CF8EE-C3E8-416B-86C1-76402A504202}.Release|Any CPU.Build.0 = Release|Any CPU
		{88AD5CD0-417D-46E8-B832-264D6AB57CF3}.Debug|Any CPU.ActiveCfg = Debug|Any CPU
		{88AD5CD0-417D-46E8-B832-264D6AB57CF3}.Debug|Any CPU.Build.0 = Debug|Any CPU
		{88AD5CD0-417D-46E8-B832-264D6AB57CF3}.Release|Any CPU.ActiveCfg = Release|Any CPU
		{88AD5CD0-417D-46E8-B832-264D6AB57CF3}.Release|Any CPU.Build.0 = Release|Any CPU
		{CC658FB3-8A5D-41C5-BDBC-B7DA359C827B}.Debug|Any CPU.ActiveCfg = Debug|Any CPU
		{CC658FB3-8A5D-41C5-BDBC-B7DA359C827B}.Debug|Any CPU.Build.0 = Debug|Any CPU
		{CC658FB3-8A5D-41C5-BDBC-B7DA359C827B}.Release|Any CPU.ActiveCfg = Release|Any CPU
		{CC658FB3-8A5D-41C5-BDBC-B7DA359C827B}.Release|Any CPU.Build.0 = Release|Any CPU
		{C6B96D03-8CBE-4132-BD75-FF1B7E174273}.Debug|Any CPU.ActiveCfg = Debug|Any CPU
		{C6B96D03-8CBE-4132-BD75-FF1B7E174273}.Debug|Any CPU.Build.0 = Debug|Any CPU
		{C6B96D03-8CBE-4132-BD75-FF1B7E174273}.Release|Any CPU.ActiveCfg = Release|Any CPU
		{C6B96D03-8CBE-4132-BD75-FF1B7E174273}.Release|Any CPU.Build.0 = Release|Any CPU
		{57850692-5F07-43AF-881A-BEFA95791CD0}.Debug|Any CPU.ActiveCfg = Debug|Any CPU
		{57850692-5F07-43AF-881A-BEFA95791CD0}.Debug|Any CPU.Build.0 = Debug|Any CPU
		{57850692-5F07-43AF-881A-BEFA95791CD0}.Release|Any CPU.ActiveCfg = Release|Any CPU
		{57850692-5F07-43AF-881A-BEFA95791CD0}.Release|Any CPU.Build.0 = Release|Any CPU
		{4F80544C-21C9-4F44-9076-5B229881AF64}.Debug|Any CPU.ActiveCfg = Debug|Any CPU
		{4F80544C-21C9-4F44-9076-5B229881AF64}.Debug|Any CPU.Build.0 = Debug|Any CPU
		{4F80544C-21C9-4F44-9076-5B229881AF64}.Release|Any CPU.ActiveCfg = Release|Any CPU
		{4F80544C-21C9-4F44-9076-5B229881AF64}.Release|Any CPU.Build.0 = Release|Any CPU
		{B1060653-D6FB-4AB1-880F-8E773544EDCE}.Debug|Any CPU.ActiveCfg = Debug|Any CPU
		{B1060653-D6FB-4AB1-880F-8E773544EDCE}.Debug|Any CPU.Build.0 = Debug|Any CPU
		{B1060653-D6FB-4AB1-880F-8E773544EDCE}.Release|Any CPU.ActiveCfg = Release|Any CPU
		{B1060653-D6FB-4AB1-880F-8E773544EDCE}.Release|Any CPU.Build.0 = Release|Any CPU
		{F7B0A3B8-579B-4FD3-93DC-E2D43555FEF1}.Debug|Any CPU.ActiveCfg = Debug|Any CPU
		{F7B0A3B8-579B-4FD3-93DC-E2D43555FEF1}.Debug|Any CPU.Build.0 = Debug|Any CPU
		{F7B0A3B8-579B-4FD3-93DC-E2D43555FEF1}.Release|Any CPU.ActiveCfg = Release|Any CPU
		{F7B0A3B8-579B-4FD3-93DC-E2D43555FEF1}.Release|Any CPU.Build.0 = Release|Any CPU
		{97957F1A-482B-461A-AF61-F4CE05E52C21}.Debug|Any CPU.ActiveCfg = Debug|Any CPU
		{97957F1A-482B-461A-AF61-F4CE05E52C21}.Debug|Any CPU.Build.0 = Debug|Any CPU
		{97957F1A-482B-461A-AF61-F4CE05E52C21}.Release|Any CPU.ActiveCfg = Release|Any CPU
		{97957F1A-482B-461A-AF61-F4CE05E52C21}.Release|Any CPU.Build.0 = Release|Any CPU
		{732B0326-680B-499F-9BAA-E5FBA9A90F4D}.Debug|Any CPU.ActiveCfg = Debug|Any CPU
		{732B0326-680B-499F-9BAA-E5FBA9A90F4D}.Debug|Any CPU.Build.0 = Debug|Any CPU
		{732B0326-680B-499F-9BAA-E5FBA9A90F4D}.Release|Any CPU.ActiveCfg = Release|Any CPU
		{732B0326-680B-499F-9BAA-E5FBA9A90F4D}.Release|Any CPU.Build.0 = Release|Any CPU
	EndGlobalSection
	GlobalSection(SolutionProperties) = preSolution
		HideSolutionNode = FALSE
	EndGlobalSection
	GlobalSection(NestedProjects) = preSolution
		{5512AF07-A3BB-4A41-A0B4-28C930C57145} = {1D765E45-6176-4855-AA97-3CFDD6724043}
		{D210D6B3-0DAA-4CB1-A65E-D7DF9A42B0A6} = {1D765E45-6176-4855-AA97-3CFDD6724043}
		{E1C05F7E-57A1-4827-9A3C-158AB639964A} = {E04171B9-2EC8-4B7B-A5CE-7466A24D1206}
		{F78CF8EE-C3E8-416B-86C1-76402A504202} = {E1C05F7E-57A1-4827-9A3C-158AB639964A}
		{88AD5CD0-417D-46E8-B832-264D6AB57CF3} = {E1C05F7E-57A1-4827-9A3C-158AB639964A}
		{CC658FB3-8A5D-41C5-BDBC-B7DA359C827B} = {E1C05F7E-57A1-4827-9A3C-158AB639964A}
		{C6B96D03-8CBE-4132-BD75-FF1B7E174273} = {E1C05F7E-57A1-4827-9A3C-158AB639964A}
		{57850692-5F07-43AF-881A-BEFA95791CD0} = {1D765E45-6176-4855-AA97-3CFDD6724043}
		{4F80544C-21C9-4F44-9076-5B229881AF64} = {E1C05F7E-57A1-4827-9A3C-158AB639964A}
		{B1060653-D6FB-4AB1-880F-8E773544EDCE} = {1D765E45-6176-4855-AA97-3CFDD6724043}
		{F7B0A3B8-579B-4FD3-93DC-E2D43555FEF1} = {BFFED7E8-0A58-46ED-89DE-58D8E350E43D}
		{97957F1A-482B-461A-AF61-F4CE05E52C21} = {E1C05F7E-57A1-4827-9A3C-158AB639964A}
		{732B0326-680B-499F-9BAA-E5FBA9A90F4D} = {E1C05F7E-57A1-4827-9A3C-158AB639964A}
	EndGlobalSection
EndGlobal
