
Microsoft Visual Studio Solution File, Format Version 12.00
# Visual Studio 14
VisualStudioVersion = 14.0.24720.0
MinimumVisualStudioVersion = 10.0.40219.1
Project("{2150E333-8FDC-42A3-9474-1A3956D46DE8}") = "src", "src", "{1D765E45-6176-4855-AA97-3CFDD6724043}"
EndProject
Project("{2150E333-8FDC-42A3-9474-1A3956D46DE8}") = "test", "test", "{BFFED7E8-0A58-46ED-89DE-58D8E350E43D}"
EndProject
Project("{FAE04EC0-301F-11D3-BF4B-00C04F79EFBC}") = "MyCQRS.Domain.Specs", "test\MyCQRS.Domain.Specs\MyCQRS.Domain.Specs.csproj", "{7B980828-0F47-4D31-B3D0-062834A285F3}"
EndProject
Project("{FAE04EC0-301F-11D3-BF4B-00C04F79EFBC}") = "MyCQRS.Domain", "src\MyCQRS.Domain\MyCQRS.Domain.csproj", "{99E149F7-A606-45F7-BB41-91F0D499D1DC}"
EndProject
Project("{FAE04EC0-301F-11D3-BF4B-00C04F79EFBC}") = "MyCQRS.Events", "src\MyCQRS.Events\MyCQRS.Events.csproj", "{5512AF07-A3BB-4A41-A0B4-28C930C57145}"
EndProject
Project("{FAE04EC0-301F-11D3-BF4B-00C04F79EFBC}") = "MyCQRS.Commands", "src\MyCQRS.Commands\MyCQRS.Commands.csproj", "{D210D6B3-0DAA-4CB1-A65E-D7DF9A42B0A6}"
EndProject
Project("{FAE04EC0-301F-11D3-BF4B-00C04F79EFBC}") = "MyCQRS.CommandHandlers", "src\MyCQRS.CommandHandlers\MyCQRS.CommandHandlers.csproj", "{D605A99F-F3D3-4BE3-89AA-CE3F73B9F91C}"
EndProject
Global
	GlobalSection(SolutionConfigurationPlatforms) = preSolution
		Debug|Any CPU = Debug|Any CPU
		Release|Any CPU = Release|Any CPU
	EndGlobalSection
	GlobalSection(ProjectConfigurationPlatforms) = postSolution
		{7B980828-0F47-4D31-B3D0-062834A285F3}.Debug|Any CPU.ActiveCfg = Debug|Any CPU
		{7B980828-0F47-4D31-B3D0-062834A285F3}.Debug|Any CPU.Build.0 = Debug|Any CPU
		{7B980828-0F47-4D31-B3D0-062834A285F3}.Release|Any CPU.ActiveCfg = Release|Any CPU
		{7B980828-0F47-4D31-B3D0-062834A285F3}.Release|Any CPU.Build.0 = Release|Any CPU
		{99E149F7-A606-45F7-BB41-91F0D499D1DC}.Debug|Any CPU.ActiveCfg = Debug|Any CPU
		{99E149F7-A606-45F7-BB41-91F0D499D1DC}.Debug|Any CPU.Build.0 = Debug|Any CPU
		{99E149F7-A606-45F7-BB41-91F0D499D1DC}.Release|Any CPU.ActiveCfg = Release|Any CPU
		{99E149F7-A606-45F7-BB41-91F0D499D1DC}.Release|Any CPU.Build.0 = Release|Any CPU
		{5512AF07-A3BB-4A41-A0B4-28C930C57145}.Debug|Any CPU.ActiveCfg = Debug|Any CPU
		{5512AF07-A3BB-4A41-A0B4-28C930C57145}.Debug|Any CPU.Build.0 = Debug|Any CPU
		{5512AF07-A3BB-4A41-A0B4-28C930C57145}.Release|Any CPU.ActiveCfg = Release|Any CPU
		{5512AF07-A3BB-4A41-A0B4-28C930C57145}.Release|Any CPU.Build.0 = Release|Any CPU
		{D210D6B3-0DAA-4CB1-A65E-D7DF9A42B0A6}.Debug|Any CPU.ActiveCfg = Debug|Any CPU
		{D210D6B3-0DAA-4CB1-A65E-D7DF9A42B0A6}.Debug|Any CPU.Build.0 = Debug|Any CPU
		{D210D6B3-0DAA-4CB1-A65E-D7DF9A42B0A6}.Release|Any CPU.ActiveCfg = Release|Any CPU
		{D210D6B3-0DAA-4CB1-A65E-D7DF9A42B0A6}.Release|Any CPU.Build.0 = Release|Any CPU
		{D605A99F-F3D3-4BE3-89AA-CE3F73B9F91C}.Debug|Any CPU.ActiveCfg = Debug|Any CPU
		{D605A99F-F3D3-4BE3-89AA-CE3F73B9F91C}.Debug|Any CPU.Build.0 = Debug|Any CPU
		{D605A99F-F3D3-4BE3-89AA-CE3F73B9F91C}.Release|Any CPU.ActiveCfg = Release|Any CPU
		{D605A99F-F3D3-4BE3-89AA-CE3F73B9F91C}.Release|Any CPU.Build.0 = Release|Any CPU
	EndGlobalSection
	GlobalSection(SolutionProperties) = preSolution
		HideSolutionNode = FALSE
	EndGlobalSection
	GlobalSection(NestedProjects) = preSolution
		{7B980828-0F47-4D31-B3D0-062834A285F3} = {BFFED7E8-0A58-46ED-89DE-58D8E350E43D}
		{99E149F7-A606-45F7-BB41-91F0D499D1DC} = {1D765E45-6176-4855-AA97-3CFDD6724043}
		{5512AF07-A3BB-4A41-A0B4-28C930C57145} = {1D765E45-6176-4855-AA97-3CFDD6724043}
		{D210D6B3-0DAA-4CB1-A65E-D7DF9A42B0A6} = {1D765E45-6176-4855-AA97-3CFDD6724043}
		{D605A99F-F3D3-4BE3-89AA-CE3F73B9F91C} = {1D765E45-6176-4855-AA97-3CFDD6724043}
	EndGlobalSection
EndGlobal
